// !$*UTF8*$!
{
	archiveVersion = 1;
	classes = {
	};
	objectVersion = 48;
	objects = {

/* Begin PBXBuildFile section */
		B50454631FE9A969006B7BC0 /* AppDelegate.swift in Sources */ = {isa = PBXBuildFile; fileRef = B50454621FE9A969006B7BC0 /* AppDelegate.swift */; };
		B50454651FE9A969006B7BC0 /* ViewController.swift in Sources */ = {isa = PBXBuildFile; fileRef = B50454641FE9A969006B7BC0 /* ViewController.swift */; };
		B50454681FE9A969006B7BC0 /* Main.storyboard in Resources */ = {isa = PBXBuildFile; fileRef = B50454661FE9A969006B7BC0 /* Main.storyboard */; };
		B504546A1FE9A969006B7BC0 /* Assets.xcassets in Resources */ = {isa = PBXBuildFile; fileRef = B50454691FE9A969006B7BC0 /* Assets.xcassets */; };
		B504546D1FE9A969006B7BC0 /* LaunchScreen.storyboard in Resources */ = {isa = PBXBuildFile; fileRef = B504546B1FE9A969006B7BC0 /* LaunchScreen.storyboard */; };
		B55DA9EA1FEC6A8B00D5158D /* BeersListRouter.swift in Sources */ = {isa = PBXBuildFile; fileRef = B55DA9E91FEC6A8B00D5158D /* BeersListRouter.swift */; };
		B57F8FA71FEAF2E100784178 /* BeersListInteractor.swift in Sources */ = {isa = PBXBuildFile; fileRef = B57F8FA61FEAF2E100784178 /* BeersListInteractor.swift */; };
		B57F8FAA1FEAF7DD00784178 /* BeersListPresenter.swift in Sources */ = {isa = PBXBuildFile; fileRef = B57F8FA91FEAF7DD00784178 /* BeersListPresenter.swift */; };
		B57F8FB01FEB4BDD00784178 /* BeersListViewController.swift in Sources */ = {isa = PBXBuildFile; fileRef = B57F8FAF1FEB4BDD00784178 /* BeersListViewController.swift */; };
		B57F8FB21FEB538F00784178 /* BeersListStoryboard.storyboard in Resources */ = {isa = PBXBuildFile; fileRef = B57F8FB11FEB538F00784178 /* BeersListStoryboard.storyboard */; };
		B57F8FB51FEB549A00784178 /* BeersListTableViewCell.swift in Sources */ = {isa = PBXBuildFile; fileRef = B57F8FB31FEB549A00784178 /* BeersListTableViewCell.swift */; };
		B57F8FB61FEB549A00784178 /* BeersListTableViewCell.xib in Resources */ = {isa = PBXBuildFile; fileRef = B57F8FB41FEB549A00784178 /* BeersListTableViewCell.xib */; };
		B59A12C51FECC5DA00F5D118 /* BeerDetailsRouter.swift in Sources */ = {isa = PBXBuildFile; fileRef = B59A12C41FECC5DA00F5D118 /* BeerDetailsRouter.swift */; };
		B5A849631FEAECA6005424AF /* Beer.swift in Sources */ = {isa = PBXBuildFile; fileRef = B5A849621FEAECA6005424AF /* Beer.swift */; };
		B5A849681FEAED9C005424AF /* BeersListContract.swift in Sources */ = {isa = PBXBuildFile; fileRef = B5A849671FEAED9C005424AF /* BeersListContract.swift */; };
		B5B1AA7B1FECA26A00D3DD37 /* BeerDetailsContract.swift in Sources */ = {isa = PBXBuildFile; fileRef = B5B1AA7A1FECA26A00D3DD37 /* BeerDetailsContract.swift */; };
		B5B1AA7F1FECAA0A00D3DD37 /* BeerDetailsPresenter.swift in Sources */ = {isa = PBXBuildFile; fileRef = B5B1AA7E1FECAA0A00D3DD37 /* BeerDetailsPresenter.swift */; };
		B5B1AA851FECBFFF00D3DD37 /* BeerDetailsStoryboard.storyboard in Resources */ = {isa = PBXBuildFile; fileRef = B5B1AA841FECBFFF00D3DD37 /* BeerDetailsStoryboard.storyboard */; };
		B5B1AA871FECC02100D3DD37 /* BeerDetailsViewController.swift in Sources */ = {isa = PBXBuildFile; fileRef = B5B1AA861FECC02100D3DD37 /* BeerDetailsViewController.swift */; };
/* End PBXBuildFile section */

/* Begin PBXFileReference section */
		B504545F1FE9A968006B7BC0 /* beer-store.app */ = {isa = PBXFileReference; explicitFileType = wrapper.application; includeInIndex = 0; path = "beer-store.app"; sourceTree = BUILT_PRODUCTS_DIR; };
		B50454621FE9A969006B7BC0 /* AppDelegate.swift */ = {isa = PBXFileReference; lastKnownFileType = sourcecode.swift; path = AppDelegate.swift; sourceTree = "<group>"; };
		B50454641FE9A969006B7BC0 /* ViewController.swift */ = {isa = PBXFileReference; lastKnownFileType = sourcecode.swift; path = ViewController.swift; sourceTree = "<group>"; };
		B50454671FE9A969006B7BC0 /* Base */ = {isa = PBXFileReference; lastKnownFileType = file.storyboard; name = Base; path = Base.lproj/Main.storyboard; sourceTree = "<group>"; };
		B50454691FE9A969006B7BC0 /* Assets.xcassets */ = {isa = PBXFileReference; lastKnownFileType = folder.assetcatalog; path = Assets.xcassets; sourceTree = "<group>"; };
		B504546C1FE9A969006B7BC0 /* Base */ = {isa = PBXFileReference; lastKnownFileType = file.storyboard; name = Base; path = Base.lproj/LaunchScreen.storyboard; sourceTree = "<group>"; };
		B504546E1FE9A969006B7BC0 /* Info.plist */ = {isa = PBXFileReference; lastKnownFileType = text.plist.xml; path = Info.plist; sourceTree = "<group>"; };
		B55DA9E91FEC6A8B00D5158D /* BeersListRouter.swift */ = {isa = PBXFileReference; lastKnownFileType = sourcecode.swift; path = BeersListRouter.swift; sourceTree = "<group>"; };
		B57F8FA61FEAF2E100784178 /* BeersListInteractor.swift */ = {isa = PBXFileReference; lastKnownFileType = sourcecode.swift; path = BeersListInteractor.swift; sourceTree = "<group>"; };
		B57F8FA91FEAF7DD00784178 /* BeersListPresenter.swift */ = {isa = PBXFileReference; lastKnownFileType = sourcecode.swift; path = BeersListPresenter.swift; sourceTree = "<group>"; };
		B57F8FAF1FEB4BDD00784178 /* BeersListViewController.swift */ = {isa = PBXFileReference; lastKnownFileType = sourcecode.swift; path = BeersListViewController.swift; sourceTree = "<group>"; };
		B57F8FB11FEB538F00784178 /* BeersListStoryboard.storyboard */ = {isa = PBXFileReference; lastKnownFileType = file.storyboard; path = BeersListStoryboard.storyboard; sourceTree = "<group>"; };
		B57F8FB31FEB549A00784178 /* BeersListTableViewCell.swift */ = {isa = PBXFileReference; lastKnownFileType = sourcecode.swift; path = BeersListTableViewCell.swift; sourceTree = "<group>"; };
		B57F8FB41FEB549A00784178 /* BeersListTableViewCell.xib */ = {isa = PBXFileReference; lastKnownFileType = file.xib; path = BeersListTableViewCell.xib; sourceTree = "<group>"; };
		B59A12C41FECC5DA00F5D118 /* BeerDetailsRouter.swift */ = {isa = PBXFileReference; lastKnownFileType = sourcecode.swift; path = BeerDetailsRouter.swift; sourceTree = "<group>"; };
		B5A849621FEAECA6005424AF /* Beer.swift */ = {isa = PBXFileReference; lastKnownFileType = sourcecode.swift; path = Beer.swift; sourceTree = "<group>"; };
		B5A849671FEAED9C005424AF /* BeersListContract.swift */ = {isa = PBXFileReference; lastKnownFileType = sourcecode.swift; path = BeersListContract.swift; sourceTree = "<group>"; };
		B5B1AA7A1FECA26A00D3DD37 /* BeerDetailsContract.swift */ = {isa = PBXFileReference; lastKnownFileType = sourcecode.swift; path = BeerDetailsContract.swift; sourceTree = "<group>"; };
		B5B1AA7E1FECAA0A00D3DD37 /* BeerDetailsPresenter.swift */ = {isa = PBXFileReference; lastKnownFileType = sourcecode.swift; path = BeerDetailsPresenter.swift; sourceTree = "<group>"; };
		B5B1AA841FECBFFF00D3DD37 /* BeerDetailsStoryboard.storyboard */ = {isa = PBXFileReference; lastKnownFileType = file.storyboard; path = BeerDetailsStoryboard.storyboard; sourceTree = "<group>"; };
		B5B1AA861FECC02100D3DD37 /* BeerDetailsViewController.swift */ = {isa = PBXFileReference; lastKnownFileType = sourcecode.swift; path = BeerDetailsViewController.swift; sourceTree = "<group>"; };
/* End PBXFileReference section */

/* Begin PBXFrameworksBuildPhase section */
		B504545C1FE9A968006B7BC0 /* Frameworks */ = {
			isa = PBXFrameworksBuildPhase;
			buildActionMask = 2147483647;
			files = (
			);
			runOnlyForDeploymentPostprocessing = 0;
		};
/* End PBXFrameworksBuildPhase section */

/* Begin PBXGroup section */
		B50454561FE9A968006B7BC0 = {
			isa = PBXGroup;
			children = (
				B50454611FE9A968006B7BC0 /* beer-store */,
				B50454601FE9A968006B7BC0 /* Products */,
			);
			sourceTree = "<group>";
		};
		B50454601FE9A968006B7BC0 /* Products */ = {
			isa = PBXGroup;
			children = (
				B504545F1FE9A968006B7BC0 /* beer-store.app */,
			);
			name = Products;
			sourceTree = "<group>";
		};
		B50454611FE9A968006B7BC0 /* beer-store */ = {
			isa = PBXGroup;
			children = (
				B5A849641FEAED5F005424AF /* Modules */,
				B5A849611FEAEC91005424AF /* Entities */,
				B50454621FE9A969006B7BC0 /* AppDelegate.swift */,
				B50454641FE9A969006B7BC0 /* ViewController.swift */,
				B50454661FE9A969006B7BC0 /* Main.storyboard */,
				B50454691FE9A969006B7BC0 /* Assets.xcassets */,
				B504546B1FE9A969006B7BC0 /* LaunchScreen.storyboard */,
				B504546E1FE9A969006B7BC0 /* Info.plist */,
			);
			path = "beer-store";
			sourceTree = "<group>";
		};
		B55DA9E81FEC6A5900D5158D /* Router */ = {
			isa = PBXGroup;
			children = (
				B55DA9E91FEC6A8B00D5158D /* BeersListRouter.swift */,
			);
			path = Router;
			sourceTree = "<group>";
		};
		B57F8FA51FEAF2C200784178 /* Interactor */ = {
			isa = PBXGroup;
			children = (
				B57F8FA61FEAF2E100784178 /* BeersListInteractor.swift */,
			);
			path = Interactor;
			sourceTree = "<group>";
		};
		B57F8FA81FEAF7BF00784178 /* Presenter */ = {
			isa = PBXGroup;
			children = (
				B57F8FA91FEAF7DD00784178 /* BeersListPresenter.swift */,
			);
			path = Presenter;
			sourceTree = "<group>";
		};
		B57F8FAE1FEB4B1D00784178 /* View */ = {
			isa = PBXGroup;
			children = (
				B57F8FB11FEB538F00784178 /* BeersListStoryboard.storyboard */,
				B57F8FAF1FEB4BDD00784178 /* BeersListViewController.swift */,
				B57F8FB41FEB549A00784178 /* BeersListTableViewCell.xib */,
				B57F8FB31FEB549A00784178 /* BeersListTableViewCell.swift */,
			);
			path = View;
			sourceTree = "<group>";
		};
		B59A12C21FECC5BB00F5D118 /* Router */ = {
			isa = PBXGroup;
			children = (
				B59A12C41FECC5DA00F5D118 /* BeerDetailsRouter.swift */,
			);
			path = Router;
			sourceTree = "<group>";
		};
		B5A849611FEAEC91005424AF /* Entities */ = {
			isa = PBXGroup;
			children = (
				B5A849621FEAECA6005424AF /* Beer.swift */,
			);
			path = Entities;
			sourceTree = "<group>";
		};
		B5A849641FEAED5F005424AF /* Modules */ = {
			isa = PBXGroup;
			children = (
				B5A849651FEAED69005424AF /* BeersList */,
				B5B1AA781FECA24100D3DD37 /* BeerDetails */,
			);
			path = Modules;
			sourceTree = "<group>";
		};
		B5A849651FEAED69005424AF /* BeersList */ = {
			isa = PBXGroup;
			children = (
				B5A849661FEAED6F005424AF /* Contract */,
				B57F8FA51FEAF2C200784178 /* Interactor */,
				B57F8FA81FEAF7BF00784178 /* Presenter */,
				B55DA9E81FEC6A5900D5158D /* Router */,
				B57F8FAE1FEB4B1D00784178 /* View */,
			);
			path = BeersList;
			sourceTree = "<group>";
		};
		B5A849661FEAED6F005424AF /* Contract */ = {
			isa = PBXGroup;
			children = (
				B5A849671FEAED9C005424AF /* BeersListContract.swift */,
			);
			path = Contract;
			sourceTree = "<group>";
		};
		B5B1AA781FECA24100D3DD37 /* BeerDetails */ = {
			isa = PBXGroup;
			children = (
				B5B1AA791FECA25500D3DD37 /* Contract */,
				B5B1AA7C1FECA9EC00D3DD37 /* Presenter */,
				B59A12C21FECC5BB00F5D118 /* Router */,
				B5B1AA831FECBFCF00D3DD37 /* View */,
			);
			path = BeerDetails;
			sourceTree = "<group>";
		};
		B5B1AA791FECA25500D3DD37 /* Contract */ = {
			isa = PBXGroup;
			children = (
				B5B1AA7A1FECA26A00D3DD37 /* BeerDetailsContract.swift */,
			);
			path = Contract;
			sourceTree = "<group>";
		};
		B5B1AA7C1FECA9EC00D3DD37 /* Presenter */ = {
			isa = PBXGroup;
			children = (
				B5B1AA7E1FECAA0A00D3DD37 /* BeerDetailsPresenter.swift */,
			);
			path = Presenter;
			sourceTree = "<group>";
		};
		B5B1AA831FECBFCF00D3DD37 /* View */ = {
			isa = PBXGroup;
			children = (
				B5B1AA841FECBFFF00D3DD37 /* BeerDetailsStoryboard.storyboard */,
				B5B1AA861FECC02100D3DD37 /* BeerDetailsViewController.swift */,
			);
			path = View;
			sourceTree = "<group>";
		};
/* End PBXGroup section */

/* Begin PBXNativeTarget section */
		B504545E1FE9A968006B7BC0 /* beer-store */ = {
			isa = PBXNativeTarget;
			buildConfigurationList = B50454711FE9A969006B7BC0 /* Build configuration list for PBXNativeTarget "beer-store" */;
			buildPhases = (
				B504545B1FE9A968006B7BC0 /* Sources */,
				B504545C1FE9A968006B7BC0 /* Frameworks */,
				B504545D1FE9A968006B7BC0 /* Resources */,
			);
			buildRules = (
			);
			dependencies = (
			);
			name = "beer-store";
			productName = "beer-store";
			productReference = B504545F1FE9A968006B7BC0 /* beer-store.app */;
			productType = "com.apple.product-type.application";
		};
/* End PBXNativeTarget section */

/* Begin PBXProject section */
		B50454571FE9A968006B7BC0 /* Project object */ = {
			isa = PBXProject;
			attributes = {
				LastSwiftUpdateCheck = 0900;
				LastUpgradeCheck = 0900;
				ORGANIZATIONNAME = "Augusto Falcão";
				TargetAttributes = {
					B504545E1FE9A968006B7BC0 = {
						CreatedOnToolsVersion = 9.0;
						ProvisioningStyle = Automatic;
					};
				};
			};
			buildConfigurationList = B504545A1FE9A968006B7BC0 /* Build configuration list for PBXProject "beer-store" */;
			compatibilityVersion = "Xcode 8.0";
			developmentRegion = en;
			hasScannedForEncodings = 0;
			knownRegions = (
				en,
				Base,
			);
			mainGroup = B50454561FE9A968006B7BC0;
			productRefGroup = B50454601FE9A968006B7BC0 /* Products */;
			projectDirPath = "";
			projectRoot = "";
			targets = (
				B504545E1FE9A968006B7BC0 /* beer-store */,
			);
		};
/* End PBXProject section */

/* Begin PBXResourcesBuildPhase section */
		B504545D1FE9A968006B7BC0 /* Resources */ = {
			isa = PBXResourcesBuildPhase;
			buildActionMask = 2147483647;
			files = (
				B5B1AA851FECBFFF00D3DD37 /* BeerDetailsStoryboard.storyboard in Resources */,
				B504546D1FE9A969006B7BC0 /* LaunchScreen.storyboard in Resources */,
				B504546A1FE9A969006B7BC0 /* Assets.xcassets in Resources */,
				B50454681FE9A969006B7BC0 /* Main.storyboard in Resources */,
				B57F8FB21FEB538F00784178 /* BeersListStoryboard.storyboard in Resources */,
				B57F8FB61FEB549A00784178 /* BeersListTableViewCell.xib in Resources */,
			);
			runOnlyForDeploymentPostprocessing = 0;
		};
/* End PBXResourcesBuildPhase section */

/* Begin PBXSourcesBuildPhase section */
		B504545B1FE9A968006B7BC0 /* Sources */ = {
			isa = PBXSourcesBuildPhase;
			buildActionMask = 2147483647;
			files = (
				B57F8FB01FEB4BDD00784178 /* BeersListViewController.swift in Sources */,
				B50454651FE9A969006B7BC0 /* ViewController.swift in Sources */,
				B55DA9EA1FEC6A8B00D5158D /* BeersListRouter.swift in Sources */,
				B5B1AA871FECC02100D3DD37 /* BeerDetailsViewController.swift in Sources */,
				B5A849681FEAED9C005424AF /* BeersListContract.swift in Sources */,
				B5B1AA7F1FECAA0A00D3DD37 /* BeerDetailsPresenter.swift in Sources */,
				B5B1AA7B1FECA26A00D3DD37 /* BeerDetailsContract.swift in Sources */,
				B59A12C51FECC5DA00F5D118 /* BeerDetailsRouter.swift in Sources */,
				B57F8FA71FEAF2E100784178 /* BeersListInteractor.swift in Sources */,
				B5A849631FEAECA6005424AF /* Beer.swift in Sources */,
				B57F8FAA1FEAF7DD00784178 /* BeersListPresenter.swift in Sources */,
				B50454631FE9A969006B7BC0 /* AppDelegate.swift in Sources */,
				B57F8FB51FEB549A00784178 /* BeersListTableViewCell.swift in Sources */,
			);
			runOnlyForDeploymentPostprocessing = 0;
		};
/* End PBXSourcesBuildPhase section */

/* Begin PBXVariantGroup section */
		B50454661FE9A969006B7BC0 /* Main.storyboard */ = {
			isa = PBXVariantGroup;
			children = (
				B50454671FE9A969006B7BC0 /* Base */,
			);
			name = Main.storyboard;
			sourceTree = "<group>";
		};
		B504546B1FE9A969006B7BC0 /* LaunchScreen.storyboard */ = {
			isa = PBXVariantGroup;
			children = (
				B504546C1FE9A969006B7BC0 /* Base */,
			);
			name = LaunchScreen.storyboard;
			sourceTree = "<group>";
		};
/* End PBXVariantGroup section */

/* Begin XCBuildConfiguration section */
		B504546F1FE9A969006B7BC0 /* Debug */ = {
			isa = XCBuildConfiguration;
			buildSettings = {
				ALWAYS_SEARCH_USER_PATHS = NO;
				CLANG_ANALYZER_NONNULL = YES;
				CLANG_ANALYZER_NUMBER_OBJECT_CONVERSION = YES_AGGRESSIVE;
				CLANG_CXX_LANGUAGE_STANDARD = "gnu++14";
				CLANG_CXX_LIBRARY = "libc++";
				CLANG_ENABLE_MODULES = YES;
				CLANG_ENABLE_OBJC_ARC = YES;
				CLANG_WARN_BLOCK_CAPTURE_AUTORELEASING = YES;
				CLANG_WARN_BOOL_CONVERSION = YES;
				CLANG_WARN_COMMA = YES;
				CLANG_WARN_CONSTANT_CONVERSION = YES;
				CLANG_WARN_DIRECT_OBJC_ISA_USAGE = YES_ERROR;
				CLANG_WARN_DOCUMENTATION_COMMENTS = YES;
				CLANG_WARN_EMPTY_BODY = YES;
				CLANG_WARN_ENUM_CONVERSION = YES;
				CLANG_WARN_INFINITE_RECURSION = YES;
				CLANG_WARN_INT_CONVERSION = YES;
				CLANG_WARN_NON_LITERAL_NULL_CONVERSION = YES;
				CLANG_WARN_OBJC_LITERAL_CONVERSION = YES;
				CLANG_WARN_OBJC_ROOT_CLASS = YES_ERROR;
				CLANG_WARN_RANGE_LOOP_ANALYSIS = YES;
				CLANG_WARN_STRICT_PROTOTYPES = YES;
				CLANG_WARN_SUSPICIOUS_MOVE = YES;
				CLANG_WARN_UNGUARDED_AVAILABILITY = YES_AGGRESSIVE;
				CLANG_WARN_UNREACHABLE_CODE = YES;
				CLANG_WARN__DUPLICATE_METHOD_MATCH = YES;
				CODE_SIGN_IDENTITY = "iPhone Developer";
				COPY_PHASE_STRIP = NO;
				DEBUG_INFORMATION_FORMAT = dwarf;
				ENABLE_STRICT_OBJC_MSGSEND = YES;
				ENABLE_TESTABILITY = YES;
				GCC_C_LANGUAGE_STANDARD = gnu11;
				GCC_DYNAMIC_NO_PIC = NO;
				GCC_NO_COMMON_BLOCKS = YES;
				GCC_OPTIMIZATION_LEVEL = 0;
				GCC_PREPROCESSOR_DEFINITIONS = (
					"DEBUG=1",
					"$(inherited)",
				);
				GCC_WARN_64_TO_32_BIT_CONVERSION = YES;
				GCC_WARN_ABOUT_RETURN_TYPE = YES_ERROR;
				GCC_WARN_UNDECLARED_SELECTOR = YES;
				GCC_WARN_UNINITIALIZED_AUTOS = YES_AGGRESSIVE;
				GCC_WARN_UNUSED_FUNCTION = YES;
				GCC_WARN_UNUSED_VARIABLE = YES;
				IPHONEOS_DEPLOYMENT_TARGET = 11.0;
				MTL_ENABLE_DEBUG_INFO = YES;
				ONLY_ACTIVE_ARCH = YES;
				SDKROOT = iphoneos;
				SWIFT_ACTIVE_COMPILATION_CONDITIONS = DEBUG;
				SWIFT_OPTIMIZATION_LEVEL = "-Onone";
			};
			name = Debug;
		};
		B50454701FE9A969006B7BC0 /* Release */ = {
			isa = XCBuildConfiguration;
			buildSettings = {
				ALWAYS_SEARCH_USER_PATHS = NO;
				CLANG_ANALYZER_NONNULL = YES;
				CLANG_ANALYZER_NUMBER_OBJECT_CONVERSION = YES_AGGRESSIVE;
				CLANG_CXX_LANGUAGE_STANDARD = "gnu++14";
				CLANG_CXX_LIBRARY = "libc++";
				CLANG_ENABLE_MODULES = YES;
				CLANG_ENABLE_OBJC_ARC = YES;
				CLANG_WARN_BLOCK_CAPTURE_AUTORELEASING = YES;
				CLANG_WARN_BOOL_CONVERSION = YES;
				CLANG_WARN_COMMA = YES;
				CLANG_WARN_CONSTANT_CONVERSION = YES;
				CLANG_WARN_DIRECT_OBJC_ISA_USAGE = YES_ERROR;
				CLANG_WARN_DOCUMENTATION_COMMENTS = YES;
				CLANG_WARN_EMPTY_BODY = YES;
				CLANG_WARN_ENUM_CONVERSION = YES;
				CLANG_WARN_INFINITE_RECURSION = YES;
				CLANG_WARN_INT_CONVERSION = YES;
				CLANG_WARN_NON_LITERAL_NULL_CONVERSION = YES;
				CLANG_WARN_OBJC_LITERAL_CONVERSION = YES;
				CLANG_WARN_OBJC_ROOT_CLASS = YES_ERROR;
				CLANG_WARN_RANGE_LOOP_ANALYSIS = YES;
				CLANG_WARN_STRICT_PROTOTYPES = YES;
				CLANG_WARN_SUSPICIOUS_MOVE = YES;
				CLANG_WARN_UNGUARDED_AVAILABILITY = YES_AGGRESSIVE;
				CLANG_WARN_UNREACHABLE_CODE = YES;
				CLANG_WARN__DUPLICATE_METHOD_MATCH = YES;
				CODE_SIGN_IDENTITY = "iPhone Developer";
				COPY_PHASE_STRIP = NO;
				DEBUG_INFORMATION_FORMAT = "dwarf-with-dsym";
				ENABLE_NS_ASSERTIONS = NO;
				ENABLE_STRICT_OBJC_MSGSEND = YES;
				GCC_C_LANGUAGE_STANDARD = gnu11;
				GCC_NO_COMMON_BLOCKS = YES;
				GCC_WARN_64_TO_32_BIT_CONVERSION = YES;
				GCC_WARN_ABOUT_RETURN_TYPE = YES_ERROR;
				GCC_WARN_UNDECLARED_SELECTOR = YES;
				GCC_WARN_UNINITIALIZED_AUTOS = YES_AGGRESSIVE;
				GCC_WARN_UNUSED_FUNCTION = YES;
				GCC_WARN_UNUSED_VARIABLE = YES;
				IPHONEOS_DEPLOYMENT_TARGET = 11.0;
				MTL_ENABLE_DEBUG_INFO = NO;
				SDKROOT = iphoneos;
				SWIFT_OPTIMIZATION_LEVEL = "-Owholemodule";
				VALIDATE_PRODUCT = YES;
			};
			name = Release;
		};
		B50454721FE9A969006B7BC0 /* Debug */ = {
			isa = XCBuildConfiguration;
			buildSettings = {
				ASSETCATALOG_COMPILER_APPICON_NAME = AppIcon;
				"CODE_SIGN_IDENTITY[sdk=iphoneos*]" = "iPhone Developer";
				CODE_SIGN_STYLE = Automatic;
				DEVELOPMENT_TEAM = "";
				INFOPLIST_FILE = "beer-store/Info.plist";
				LD_RUNPATH_SEARCH_PATHS = "$(inherited) @executable_path/Frameworks";
				PRODUCT_BUNDLE_IDENTIFIER = "com.falcaoaugustos.beer-store";
				PRODUCT_NAME = "$(TARGET_NAME)";
				PROVISIONING_PROFILE_SPECIFIER = "";
				SWIFT_VERSION = 4.0;
				TARGETED_DEVICE_FAMILY = "1,2";
			};
			name = Debug;
		};
		B50454731FE9A969006B7BC0 /* Release */ = {
			isa = XCBuildConfiguration;
			buildSettings = {
				ASSETCATALOG_COMPILER_APPICON_NAME = AppIcon;
				"CODE_SIGN_IDENTITY[sdk=iphoneos*]" = "iPhone Developer";
				CODE_SIGN_STYLE = Automatic;
				DEVELOPMENT_TEAM = "";
				INFOPLIST_FILE = "beer-store/Info.plist";
				LD_RUNPATH_SEARCH_PATHS = "$(inherited) @executable_path/Frameworks";
				PRODUCT_BUNDLE_IDENTIFIER = "com.falcaoaugustos.beer-store";
				PRODUCT_NAME = "$(TARGET_NAME)";
				PROVISIONING_PROFILE_SPECIFIER = "";
				SWIFT_VERSION = 4.0;
				TARGETED_DEVICE_FAMILY = "1,2";
			};
			name = Release;
		};
/* End XCBuildConfiguration section */

/* Begin XCConfigurationList section */
		B504545A1FE9A968006B7BC0 /* Build configuration list for PBXProject "beer-store" */ = {
			isa = XCConfigurationList;
			buildConfigurations = (
				B504546F1FE9A969006B7BC0 /* Debug */,
				B50454701FE9A969006B7BC0 /* Release */,
			);
			defaultConfigurationIsVisible = 0;
			defaultConfigurationName = Release;
		};
		B50454711FE9A969006B7BC0 /* Build configuration list for PBXNativeTarget "beer-store" */ = {
			isa = XCConfigurationList;
			buildConfigurations = (
				B50454721FE9A969006B7BC0 /* Debug */,
				B50454731FE9A969006B7BC0 /* Release */,
			);
			defaultConfigurationIsVisible = 0;
			defaultConfigurationName = Release;
		};
/* End XCConfigurationList section */
	};
	rootObject = B50454571FE9A968006B7BC0 /* Project object */;
}
